// !$*UTF8*$!
{
	archiveVersion = 1;
	classes = {
	};
	objectVersion = 48;
	objects = {

/* Begin PBXBuildFile section */
		F0355E53205153B900C79F24 /* AppDelegate.swift in Sources */ = {isa = PBXBuildFile; fileRef = F0355E52205153B900C79F24 /* AppDelegate.swift */; };
		F0355E55205153B900C79F24 /* ViewController.swift in Sources */ = {isa = PBXBuildFile; fileRef = F0355E54205153B900C79F24 /* ViewController.swift */; };
		F0355E58205153B900C79F24 /* Main.storyboard in Resources */ = {isa = PBXBuildFile; fileRef = F0355E56205153B900C79F24 /* Main.storyboard */; };
		F0355E5A205153B900C79F24 /* Assets.xcassets in Resources */ = {isa = PBXBuildFile; fileRef = F0355E59205153B900C79F24 /* Assets.xcassets */; };
		F0355E5D205153B900C79F24 /* LaunchScreen.storyboard in Resources */ = {isa = PBXBuildFile; fileRef = F0355E5B205153B900C79F24 /* LaunchScreen.storyboard */; };
		F0355E68205153B900C79F24 /* restaurantTests.swift in Sources */ = {isa = PBXBuildFile; fileRef = F0355E67205153B900C79F24 /* restaurantTests.swift */; };
		F0355E73205153B900C79F24 /* restaurantUITests.swift in Sources */ = {isa = PBXBuildFile; fileRef = F0355E72205153B900C79F24 /* restaurantUITests.swift */; };
/* End PBXBuildFile section */

/* Begin PBXContainerItemProxy section */
		F0355E64205153B900C79F24 /* PBXContainerItemProxy */ = {
			isa = PBXContainerItemProxy;
			containerPortal = F0355E47205153B900C79F24 /* Project object */;
			proxyType = 1;
			remoteGlobalIDString = F0355E4E205153B900C79F24;
			remoteInfo = restaurant;
		};
		F0355E6F205153B900C79F24 /* PBXContainerItemProxy */ = {
			isa = PBXContainerItemProxy;
			containerPortal = F0355E47205153B900C79F24 /* Project object */;
			proxyType = 1;
			remoteGlobalIDString = F0355E4E205153B900C79F24;
			remoteInfo = restaurant;
		};
/* End PBXContainerItemProxy section */

/* Begin PBXFileReference section */
		F0355E4F205153B900C79F24 /* restaurant.app */ = {isa = PBXFileReference; explicitFileType = wrapper.application; includeInIndex = 0; path = restaurant.app; sourceTree = BUILT_PRODUCTS_DIR; };
		F0355E52205153B900C79F24 /* AppDelegate.swift */ = {isa = PBXFileReference; lastKnownFileType = sourcecode.swift; path = AppDelegate.swift; sourceTree = "<group>"; };
		F0355E54205153B900C79F24 /* ViewController.swift */ = {isa = PBXFileReference; lastKnownFileType = sourcecode.swift; path = ViewController.swift; sourceTree = "<group>"; };
		F0355E57205153B900C79F24 /* Base */ = {isa = PBXFileReference; lastKnownFileType = file.storyboard; name = Base; path = Base.lproj/Main.storyboard; sourceTree = "<group>"; };
		F0355E59205153B900C79F24 /* Assets.xcassets */ = {isa = PBXFileReference; lastKnownFileType = folder.assetcatalog; path = Assets.xcassets; sourceTree = "<group>"; };
		F0355E5C205153B900C79F24 /* Base */ = {isa = PBXFileReference; lastKnownFileType = file.storyboard; name = Base; path = Base.lproj/LaunchScreen.storyboard; sourceTree = "<group>"; };
		F0355E5E205153B900C79F24 /* Info.plist */ = {isa = PBXFileReference; lastKnownFileType = text.plist.xml; path = Info.plist; sourceTree = "<group>"; };
		F0355E63205153B900C79F24 /* restaurantTests.xctest */ = {isa = PBXFileReference; explicitFileType = wrapper.cfbundle; includeInIndex = 0; path = restaurantTests.xctest; sourceTree = BUILT_PRODUCTS_DIR; };
		F0355E67205153B900C79F24 /* restaurantTests.swift */ = {isa = PBXFileReference; lastKnownFileType = sourcecode.swift; path = restaurantTests.swift; sourceTree = "<group>"; };
		F0355E69205153B900C79F24 /* Info.plist */ = {isa = PBXFileReference; lastKnownFileType = text.plist.xml; path = Info.plist; sourceTree = "<group>"; };
		F0355E6E205153B900C79F24 /* restaurantUITests.xctest */ = {isa = PBXFileReference; explicitFileType = wrapper.cfbundle; includeInIndex = 0; path = restaurantUITests.xctest; sourceTree = BUILT_PRODUCTS_DIR; };
		F0355E72205153B900C79F24 /* restaurantUITests.swift */ = {isa = PBXFileReference; lastKnownFileType = sourcecode.swift; path = restaurantUITests.swift; sourceTree = "<group>"; };
		F0355E74205153B900C79F24 /* Info.plist */ = {isa = PBXFileReference; lastKnownFileType = text.plist.xml; path = Info.plist; sourceTree = "<group>"; };
/* End PBXFileReference section */

/* Begin PBXFrameworksBuildPhase section */
		F0355E4C205153B900C79F24 /* Frameworks */ = {
			isa = PBXFrameworksBuildPhase;
			buildActionMask = 2147483647;
			files = (
			);
			runOnlyForDeploymentPostprocessing = 0;
		};
		F0355E60205153B900C79F24 /* Frameworks */ = {
			isa = PBXFrameworksBuildPhase;
			buildActionMask = 2147483647;
			files = (
			);
			runOnlyForDeploymentPostprocessing = 0;
		};
		F0355E6B205153B900C79F24 /* Frameworks */ = {
			isa = PBXFrameworksBuildPhase;
			buildActionMask = 2147483647;
			files = (
			);
			runOnlyForDeploymentPostprocessing = 0;
		};
/* End PBXFrameworksBuildPhase section */

/* Begin PBXGroup section */
		F0355E46205153B900C79F24 = {
			isa = PBXGroup;
			children = (
				F0355E51205153B900C79F24 /* restaurant */,
				F0355E66205153B900C79F24 /* restaurantTests */,
				F0355E71205153B900C79F24 /* restaurantUITests */,
				F0355E50205153B900C79F24 /* Products */,
			);
			sourceTree = "<group>";
		};
		F0355E50205153B900C79F24 /* Products */ = {
			isa = PBXGroup;
			children = (
				F0355E4F205153B900C79F24 /* restaurant.app */,
				F0355E63205153B900C79F24 /* restaurantTests.xctest */,
				F0355E6E205153B900C79F24 /* restaurantUITests.xctest */,
			);
			name = Products;
			sourceTree = "<group>";
		};
		F0355E51205153B900C79F24 /* restaurant */ = {
			isa = PBXGroup;
			children = (
				F0355E52205153B900C79F24 /* AppDelegate.swift */,
				F0355E54205153B900C79F24 /* ViewController.swift */,
				F0355E56205153B900C79F24 /* Main.storyboard */,
				F0355E59205153B900C79F24 /* Assets.xcassets */,
				F0355E5B205153B900C79F24 /* LaunchScreen.storyboard */,
				F0355E5E205153B900C79F24 /* Info.plist */,
			);
			path = restaurant;
			sourceTree = "<group>";
		};
		F0355E66205153B900C79F24 /* restaurantTests */ = {
			isa = PBXGroup;
			children = (
				F0355E67205153B900C79F24 /* restaurantTests.swift */,
				F0355E69205153B900C79F24 /* Info.plist */,
			);
			path = restaurantTests;
			sourceTree = "<group>";
		};
		F0355E71205153B900C79F24 /* restaurantUITests */ = {
			isa = PBXGroup;
			children = (
				F0355E72205153B900C79F24 /* restaurantUITests.swift */,
				F0355E74205153B900C79F24 /* Info.plist */,
			);
			path = restaurantUITests;
			sourceTree = "<group>";
		};
/* End PBXGroup section */

/* Begin PBXNativeTarget section */
		F0355E4E205153B900C79F24 /* restaurant */ = {
			isa = PBXNativeTarget;
			buildConfigurationList = F0355E77205153B900C79F24 /* Build configuration list for PBXNativeTarget "restaurant" */;
			buildPhases = (
				F0355E4B205153B900C79F24 /* Sources */,
				F0355E4C205153B900C79F24 /* Frameworks */,
				F0355E4D205153B900C79F24 /* Resources */,
			);
			buildRules = (
			);
			dependencies = (
			);
			name = restaurant;
			productName = restaurant;
			productReference = F0355E4F205153B900C79F24 /* restaurant.app */;
			productType = "com.apple.product-type.application";
		};
		F0355E62205153B900C79F24 /* restaurantTests */ = {
			isa = PBXNativeTarget;
			buildConfigurationList = F0355E7A205153B900C79F24 /* Build configuration list for PBXNativeTarget "restaurantTests" */;
			buildPhases = (
				F0355E5F205153B900C79F24 /* Sources */,
				F0355E60205153B900C79F24 /* Frameworks */,
				F0355E61205153B900C79F24 /* Resources */,
			);
			buildRules = (
			);
			dependencies = (
				F0355E65205153B900C79F24 /* PBXTargetDependency */,
			);
			name = restaurantTests;
			productName = restaurantTests;
			productReference = F0355E63205153B900C79F24 /* restaurantTests.xctest */;
			productType = "com.apple.product-type.bundle.unit-test";
		};
		F0355E6D205153B900C79F24 /* restaurantUITests */ = {
			isa = PBXNativeTarget;
			buildConfigurationList = F0355E7D205153B900C79F24 /* Build configuration list for PBXNativeTarget "restaurantUITests" */;
			buildPhases = (
				F0355E6A205153B900C79F24 /* Sources */,
				F0355E6B205153B900C79F24 /* Frameworks */,
				F0355E6C205153B900C79F24 /* Resources */,
			);
			buildRules = (
			);
			dependencies = (
				F0355E70205153B900C79F24 /* PBXTargetDependency */,
			);
			name = restaurantUITests;
			productName = restaurantUITests;
			productReference = F0355E6E205153B900C79F24 /* restaurantUITests.xctest */;
			productType = "com.apple.product-type.bundle.ui-testing";
		};
/* End PBXNativeTarget section */

/* Begin PBXProject section */
		F0355E47205153B900C79F24 /* Project object */ = {
			isa = PBXProject;
			attributes = {
				LastSwiftUpdateCheck = 0920;
				LastUpgradeCheck = 0920;
				ORGANIZATIONNAME = "John Appleseed";
				TargetAttributes = {
					F0355E4E205153B900C79F24 = {
						CreatedOnToolsVersion = 9.2;
						ProvisioningStyle = Automatic;
					};
					F0355E62205153B900C79F24 = {
						CreatedOnToolsVersion = 9.2;
						ProvisioningStyle = Automatic;
						TestTargetID = F0355E4E205153B900C79F24;
					};
					F0355E6D205153B900C79F24 = {
						CreatedOnToolsVersion = 9.2;
						ProvisioningStyle = Automatic;
						TestTargetID = F0355E4E205153B900C79F24;
					};
				};
			};
			buildConfigurationList = F0355E4A205153B900C79F24 /* Build configuration list for PBXProject "restaurant" */;
			compatibilityVersion = "Xcode 8.0";
			developmentRegion = en;
			hasScannedForEncodings = 0;
			knownRegions = (
				en,
				Base,
			);
			mainGroup = F0355E46205153B900C79F24;
			productRefGroup = F0355E50205153B900C79F24 /* Products */;
			projectDirPath = "";
			projectRoot = "";
			targets = (
				F0355E4E205153B900C79F24 /* restaurant */,
				F0355E62205153B900C79F24 /* restaurantTests */,
				F0355E6D205153B900C79F24 /* restaurantUITests */,
			);
		};
/* End PBXProject section */

/* Begin PBXResourcesBuildPhase section */
		F0355E4D205153B900C79F24 /* Resources */ = {
			isa = PBXResourcesBuildPhase;
			buildActionMask = 2147483647;
			files = (
				F0355E5D205153B900C79F24 /* LaunchScreen.storyboard in Resources */,
				F0355E5A205153B900C79F24 /* Assets.xcassets in Resources */,
				F0355E58205153B900C79F24 /* Main.storyboard in Resources */,
			);
			runOnlyForDeploymentPostprocessing = 0;
		};
		F0355E61205153B900C79F24 /* Resources */ = {
			isa = PBXResourcesBuildPhase;
			buildActionMask = 2147483647;
			files = (
			);
			runOnlyForDeploymentPostprocessing = 0;
		};
		F0355E6C205153B900C79F24 /* Resources */ = {
			isa = PBXResourcesBuildPhase;
			buildActionMask = 2147483647;
			files = (
			);
			runOnlyForDeploymentPostprocessing = 0;
		};
/* End PBXResourcesBuildPhase section */

/* Begin PBXSourcesBuildPhase section */
		F0355E4B205153B900C79F24 /* Sources */ = {
			isa = PBXSourcesBuildPhase;
			buildActionMask = 2147483647;
			files = (
				F0355E55205153B900C79F24 /* ViewController.swift in Sources */,
				F0355E53205153B900C79F24 /* AppDelegate.swift in Sources */,
			);
			runOnlyForDeploymentPostprocessing = 0;
		};
		F0355E5F205153B900C79F24 /* Sources */ = {
			isa = PBXSourcesBuildPhase;
			buildActionMask = 2147483647;
			files = (
				F0355E68205153B900C79F24 /* restaurantTests.swift in Sources */,
			);
			runOnlyForDeploymentPostprocessing = 0;
		};
		F0355E6A205153B900C79F24 /* Sources */ = {
			isa = PBXSourcesBuildPhase;
			buildActionMask = 2147483647;
			files = (
				F0355E73205153B900C79F24 /* restaurantUITests.swift in Sources */,
			);
			runOnlyForDeploymentPostprocessing = 0;
		};
/* End PBXSourcesBuildPhase section */

/* Begin PBXTargetDependency section */
		F0355E65205153B900C79F24 /* PBXTargetDependency */ = {
			isa = PBXTargetDependency;
			target = F0355E4E205153B900C79F24 /* restaurant */;
			targetProxy = F0355E64205153B900C79F24 /* PBXContainerItemProxy */;
		};
		F0355E70205153B900C79F24 /* PBXTargetDependency */ = {
			isa = PBXTargetDependency;
			target = F0355E4E205153B900C79F24 /* restaurant */;
			targetProxy = F0355E6F205153B900C79F24 /* PBXContainerItemProxy */;
		};
/* End PBXTargetDependency section */

/* Begin PBXVariantGroup section */
		F0355E56205153B900C79F24 /* Main.storyboard */ = {
			isa = PBXVariantGroup;
			children = (
				F0355E57205153B900C79F24 /* Base */,
			);
			name = Main.storyboard;
			sourceTree = "<group>";
		};
		F0355E5B205153B900C79F24 /* LaunchScreen.storyboard */ = {
			isa = PBXVariantGroup;
			children = (
				F0355E5C205153B900C79F24 /* Base */,
			);
			name = LaunchScreen.storyboard;
			sourceTree = "<group>";
		};
/* End PBXVariantGroup section */

/* Begin XCBuildConfiguration section */
		F0355E75205153B900C79F24 /* Debug */ = {
			isa = XCBuildConfiguration;
			buildSettings = {
				ALWAYS_SEARCH_USER_PATHS = NO;
				CLANG_ANALYZER_NONNULL = YES;
				CLANG_ANALYZER_NUMBER_OBJECT_CONVERSION = YES_AGGRESSIVE;
				CLANG_CXX_LANGUAGE_STANDARD = "gnu++14";
				CLANG_CXX_LIBRARY = "libc++";
				CLANG_ENABLE_MODULES = YES;
				CLANG_ENABLE_OBJC_ARC = YES;
				CLANG_WARN_BLOCK_CAPTURE_AUTORELEASING = YES;
				CLANG_WARN_BOOL_CONVERSION = YES;
				CLANG_WARN_COMMA = YES;
				CLANG_WARN_CONSTANT_CONVERSION = YES;
				CLANG_WARN_DIRECT_OBJC_ISA_USAGE = YES_ERROR;
				CLANG_WARN_DOCUMENTATION_COMMENTS = YES;
				CLANG_WARN_EMPTY_BODY = YES;
				CLANG_WARN_ENUM_CONVERSION = YES;
				CLANG_WARN_INFINITE_RECURSION = YES;
				CLANG_WARN_INT_CONVERSION = YES;
				CLANG_WARN_NON_LITERAL_NULL_CONVERSION = YES;
				CLANG_WARN_OBJC_LITERAL_CONVERSION = YES;
				CLANG_WARN_OBJC_ROOT_CLASS = YES_ERROR;
				CLANG_WARN_RANGE_LOOP_ANALYSIS = YES;
				CLANG_WARN_STRICT_PROTOTYPES = YES;
				CLANG_WARN_SUSPICIOUS_MOVE = YES;
				CLANG_WARN_UNGUARDED_AVAILABILITY = YES_AGGRESSIVE;
				CLANG_WARN_UNREACHABLE_CODE = YES;
				CLANG_WARN__DUPLICATE_METHOD_MATCH = YES;
				CODE_SIGN_IDENTITY = "iPhone Developer";
				COPY_PHASE_STRIP = NO;
				DEBUG_INFORMATION_FORMAT = dwarf;
				ENABLE_STRICT_OBJC_MSGSEND = YES;
				ENABLE_TESTABILITY = YES;
				GCC_C_LANGUAGE_STANDARD = gnu11;
				GCC_DYNAMIC_NO_PIC = NO;
				GCC_NO_COMMON_BLOCKS = YES;
				GCC_OPTIMIZATION_LEVEL = 0;
				GCC_PREPROCESSOR_DEFINITIONS = (
					"DEBUG=1",
					"$(inherited)",
				);
				GCC_WARN_64_TO_32_BIT_CONVERSION = YES;
				GCC_WARN_ABOUT_RETURN_TYPE = YES_ERROR;
				GCC_WARN_UNDECLARED_SELECTOR = YES;
				GCC_WARN_UNINITIALIZED_AUTOS = YES_AGGRESSIVE;
				GCC_WARN_UNUSED_FUNCTION = YES;
				GCC_WARN_UNUSED_VARIABLE = YES;
				IPHONEOS_DEPLOYMENT_TARGET = 11.2;
				MTL_ENABLE_DEBUG_INFO = YES;
				ONLY_ACTIVE_ARCH = YES;
				SDKROOT = iphoneos;
				SWIFT_ACTIVE_COMPILATION_CONDITIONS = DEBUG;
				SWIFT_OPTIMIZATION_LEVEL = "-Onone";
			};
			name = Debug;
		};
		F0355E76205153B900C79F24 /* Release */ = {
			isa = XCBuildConfiguration;
			buildSettings = {
				ALWAYS_SEARCH_USER_PATHS = NO;
				CLANG_ANALYZER_NONNULL = YES;
				CLANG_ANALYZER_NUMBER_OBJECT_CONVERSION = YES_AGGRESSIVE;
				CLANG_CXX_LANGUAGE_STANDARD = "gnu++14";
				CLANG_CXX_LIBRARY = "libc++";
				CLANG_ENABLE_MODULES = YES;
				CLANG_ENABLE_OBJC_ARC = YES;
				CLANG_WARN_BLOCK_CAPTURE_AUTORELEASING = YES;
				CLANG_WARN_BOOL_CONVERSION = YES;
				CLANG_WARN_COMMA = YES;
				CLANG_WARN_CONSTANT_CONVERSION = YES;
				CLANG_WARN_DIRECT_OBJC_ISA_USAGE = YES_ERROR;
				CLANG_WARN_DOCUMENTATION_COMMENTS = YES;
				CLANG_WARN_EMPTY_BODY = YES;
				CLANG_WARN_ENUM_CONVERSION = YES;
				CLANG_WARN_INFINITE_RECURSION = YES;
				CLANG_WARN_INT_CONVERSION = YES;
				CLANG_WARN_NON_LITERAL_NULL_CONVERSION = YES;
				CLANG_WARN_OBJC_LITERAL_CONVERSION = YES;
				CLANG_WARN_OBJC_ROOT_CLASS = YES_ERROR;
				CLANG_WARN_RANGE_LOOP_ANALYSIS = YES;
				CLANG_WARN_STRICT_PROTOTYPES = YES;
				CLANG_WARN_SUSPICIOUS_MOVE = YES;
				CLANG_WARN_UNGUARDED_AVAILABILITY = YES_AGGRESSIVE;
				CLANG_WARN_UNREACHABLE_CODE = YES;
				CLANG_WARN__DUPLICATE_METHOD_MATCH = YES;
				CODE_SIGN_IDENTITY = "iPhone Developer";
				COPY_PHASE_STRIP = NO;
				DEBUG_INFORMATION_FORMAT = "dwarf-with-dsym";
				ENABLE_NS_ASSERTIONS = NO;
				ENABLE_STRICT_OBJC_MSGSEND = YES;
				GCC_C_LANGUAGE_STANDARD = gnu11;
				GCC_NO_COMMON_BLOCKS = YES;
				GCC_WARN_64_TO_32_BIT_CONVERSION = YES;
				GCC_WARN_ABOUT_RETURN_TYPE = YES_ERROR;
				GCC_WARN_UNDECLARED_SELECTOR = YES;
				GCC_WARN_UNINITIALIZED_AUTOS = YES_AGGRESSIVE;
				GCC_WARN_UNUSED_FUNCTION = YES;
				GCC_WARN_UNUSED_VARIABLE = YES;
				IPHONEOS_DEPLOYMENT_TARGET = 11.2;
				MTL_ENABLE_DEBUG_INFO = NO;
				SDKROOT = iphoneos;
				SWIFT_OPTIMIZATION_LEVEL = "-Owholemodule";
				VALIDATE_PRODUCT = YES;
			};
			name = Release;
		};
		F0355E78205153B900C79F24 /* Debug */ = {
			isa = XCBuildConfiguration;
			buildSettings = {
				ASSETCATALOG_COMPILER_APPICON_NAME = AppIcon;
				CODE_SIGN_STYLE = Automatic;
				INFOPLIST_FILE = restaurant/Info.plist;
				LD_RUNPATH_SEARCH_PATHS = "$(inherited) @executable_path/Frameworks";
				PRODUCT_BUNDLE_IDENTIFIER = com.example.restaurant;
				PRODUCT_NAME = "$(TARGET_NAME)";
				SWIFT_VERSION = 4.0;
				TARGETED_DEVICE_FAMILY = "1,2";
			};
			name = Debug;
		};
		F0355E79205153B900C79F24 /* Release */ = {
			isa = XCBuildConfiguration;
			buildSettings = {
				ASSETCATALOG_COMPILER_APPICON_NAME = AppIcon;
				CODE_SIGN_STYLE = Automatic;
				INFOPLIST_FILE = restaurant/Info.plist;
				LD_RUNPATH_SEARCH_PATHS = "$(inherited) @executable_path/Frameworks";
				PRODUCT_BUNDLE_IDENTIFIER = com.example.restaurant;
				PRODUCT_NAME = "$(TARGET_NAME)";
				SWIFT_VERSION = 4.0;
				TARGETED_DEVICE_FAMILY = "1,2";
			};
			name = Release;
		};
		F0355E7B205153B900C79F24 /* Debug */ = {
			isa = XCBuildConfiguration;
			buildSettings = {
				ALWAYS_EMBED_SWIFT_STANDARD_LIBRARIES = YES;
				BUNDLE_LOADER = "$(TEST_HOST)";
				CODE_SIGN_STYLE = Automatic;
				INFOPLIST_FILE = restaurantTests/Info.plist;
				LD_RUNPATH_SEARCH_PATHS = "$(inherited) @executable_path/Frameworks @loader_path/Frameworks";
				PRODUCT_BUNDLE_IDENTIFIER = com.example.restaurantTests;
				PRODUCT_NAME = "$(TARGET_NAME)";
				SWIFT_VERSION = 4.0;
				TARGETED_DEVICE_FAMILY = "1,2";
				TEST_HOST = "$(BUILT_PRODUCTS_DIR)/restaurant.app/restaurant";
			};
			name = Debug;
		};
		F0355E7C205153B900C79F24 /* Release */ = {
			isa = XCBuildConfiguration;
			buildSettings = {
				ALWAYS_EMBED_SWIFT_STANDARD_LIBRARIES = YES;
				BUNDLE_LOADER = "$(TEST_HOST)";
				CODE_SIGN_STYLE = Automatic;
				INFOPLIST_FILE = restaurantTests/Info.plist;
				LD_RUNPATH_SEARCH_PATHS = "$(inherited) @executable_path/Frameworks @loader_path/Frameworks";
				PRODUCT_BUNDLE_IDENTIFIER = com.example.restaurantTests;
				PRODUCT_NAME = "$(TARGET_NAME)";
				SWIFT_VERSION = 4.0;
				TARGETED_DEVICE_FAMILY = "1,2";
				TEST_HOST = "$(BUILT_PRODUCTS_DIR)/restaurant.app/restaurant";
			};
			name = Release;
		};
		F0355E7E205153B900C79F24 /* Debug */ = {
			isa = XCBuildConfiguration;
			buildSettings = {
				ALWAYS_EMBED_SWIFT_STANDARD_LIBRARIES = YES;
				CODE_SIGN_STYLE = Automatic;
				INFOPLIST_FILE = restaurantUITests/Info.plist;
				LD_RUNPATH_SEARCH_PATHS = "$(inherited) @executable_path/Frameworks @loader_path/Frameworks";
				PRODUCT_BUNDLE_IDENTIFIER = com.example.restaurantUITests;
				PRODUCT_NAME = "$(TARGET_NAME)";
				SWIFT_VERSION = 4.0;
				TARGETED_DEVICE_FAMILY = "1,2";
				TEST_TARGET_NAME = restaurant;
			};
			name = Debug;
		};
		F0355E7F205153B900C79F24 /* Release */ = {
			isa = XCBuildConfiguration;
			buildSettings = {
				ALWAYS_EMBED_SWIFT_STANDARD_LIBRARIES = YES;
				CODE_SIGN_STYLE = Automatic;
				INFOPLIST_FILE = restaurantUITests/Info.plist;
				LD_RUNPATH_SEARCH_PATHS = "$(inherited) @executable_path/Frameworks @loader_path/Frameworks";
				PRODUCT_BUNDLE_IDENTIFIER = com.example.restaurantUITests;
				PRODUCT_NAME = "$(TARGET_NAME)";
				SWIFT_VERSION = 4.0;
				TARGETED_DEVICE_FAMILY = "1,2";
				TEST_TARGET_NAME = restaurant;
			};
			name = Release;
		};
/* End XCBuildConfiguration section */

/* Begin XCConfigurationList section */
		F0355E4A205153B900C79F24 /* Build configuration list for PBXProject "restaurant" */ = {
			isa = XCConfigurationList;
			buildConfigurations = (
				F0355E75205153B900C79F24 /* Debug */,
				F0355E76205153B900C79F24 /* Release */,
			);
			defaultConfigurationIsVisible = 0;
			defaultConfigurationName = Release;
		};
		F0355E77205153B900C79F24 /* Build configuration list for PBXNativeTarget "restaurant" */ = {
			isa = XCConfigurationList;
			buildConfigurations = (
				F0355E78205153B900C79F24 /* Debug */,
				F0355E79205153B900C79F24 /* Release */,
			);
			defaultConfigurationIsVisible = 0;
			defaultConfigurationName = Release;
		};
		F0355E7A205153B900C79F24 /* Build configuration list for PBXNativeTarget "restaurantTests" */ = {
			isa = XCConfigurationList;
			buildConfigurations = (
				F0355E7B205153B900C79F24 /* Debug */,
				F0355E7C205153B900C79F24 /* Release */,
			);
			defaultConfigurationIsVisible = 0;
			defaultConfigurationName = Release;
		};
		F0355E7D205153B900C79F24 /* Build configuration list for PBXNativeTarget "restaurantUITests" */ = {
			isa = XCConfigurationList;
			buildConfigurations = (
				F0355E7E205153B900C79F24 /* Debug */,
				F0355E7F205153B900C79F24 /* Release */,
			);
			defaultConfigurationIsVisible = 0;
			defaultConfigurationName = Release;
		};
/* End XCConfigurationList section */
	};
	rootObject = F0355E47205153B900C79F24 /* Project object */;
}
